
Microsoft Visual Studio Solution File, Format Version 12.00
# Visual Studio Version 17
VisualStudioVersion = 17.8.34330.188
MinimumVisualStudioVersion = 10.0.40219.1
Project("{FAE04EC0-301F-11D3-BF4B-00C04F79EFBC}") = "ShowList", "ShowList\ShowList.csproj", "{B3A62656-E2F2-45A2-AC71-4A6EE51C6645}"
EndProject
Project("{FAE04EC0-301F-11D3-BF4B-00C04F79EFBC}") = "TestProject1", "TestProject1\TestProject1.csproj", "{101018AE-7FA6-4224-83C8-FBC96FD12366}"
EndProject
Global
	GlobalSection(SolutionConfigurationPlatforms) = preSolution
		Debug|Any CPU = Debug|Any CPU
		Release|Any CPU = Release|Any CPU
	EndGlobalSection
	GlobalSection(ProjectConfigurationPlatforms) = postSolution
		{B3A62656-E2F2-45A2-AC71-4A6EE51C6645}.Debug|Any CPU.ActiveCfg = Debug|Any CPU
		{B3A62656-E2F2-45A2-AC71-4A6EE51C6645}.Debug|Any CPU.Build.0 = Debug|Any CPU
		{B3A62656-E2F2-45A2-AC71-4A6EE51C6645}.Release|Any CPU.ActiveCfg = Release|Any CPU
		{B3A62656-E2F2-45A2-AC71-4A6EE51C6645}.Release|Any CPU.Build.0 = Release|Any CPU
		{101018AE-7FA6-4224-83C8-FBC96FD12366}.Debug|Any CPU.ActiveCfg = Debug|Any CPU
		{101018AE-7FA6-4224-83C8-FBC96FD12366}.Debug|Any CPU.Build.0 = Debug|Any CPU
		{101018AE-7FA6-4224-83C8-FBC96FD12366}.Release|Any CPU.ActiveCfg = Release|Any CPU
		{101018AE-7FA6-4224-83C8-FBC96FD12366}.Release|Any CPU.Build.0 = Release|Any CPU
	EndGlobalSection
	GlobalSection(SolutionProperties) = preSolution
		HideSolutionNode = FALSE
	EndGlobalSection
	GlobalSection(ExtensibilityGlobals) = postSolution
		SolutionGuid = {8153FF12-8DA7-4571-8001-E0A2091A9F24}
	EndGlobalSection
EndGlobal
